version = 1
revision = 3
requires-python = ">=3.12"

[[package]]
name = "pyside6"
version = "6.9.1"
source = { registry = "https://pypi.org/simple" }
dependencies = [
    { name = "pyside6-addons" },
    { name = "pyside6-essentials" },
    { name = "shiboken6" },
]
wheels = [
    { url = "https://files.pythonhosted.org/packages/14/91/8e9c7f7e90431297de9856e90a156ade9420977e26d87996909c63f30bd2/PySide6-6.9.1-cp39-abi3-macosx_12_0_universal2.whl", hash = "sha256:f843ef39970a2f79757810fffd7b8e93ac42a3de9ea62f2a03648cde57648aed", size = 558097, upload-time = "2025-06-03T13:20:03.739Z" },
    { url = "https://files.pythonhosted.org/packages/d7/ff/04d1b6b30edd24d761cc30d964860f997bdf37d06620694bf9aab35eec3a/PySide6-6.9.1-cp39-abi3-manylinux_2_28_x86_64.whl", hash = "sha256:db44ac08b8f7ac1b421bc1c6a44200d03f08d80dc7b3f68dfdb1684f30f41c17", size = 558239, upload-time = "2025-06-03T13:20:06.205Z" },
    { url = "https://files.pythonhosted.org/packages/3c/b4/ca076c55c11a8e473363e05aa82c5c03dd7ba8f17b77cc9311ce17213193/PySide6-6.9.1-cp39-abi3-manylinux_2_39_aarch64.whl", hash = "sha256:531a6e67c429b045674d57fe9864b711eb59e4cded753c2640982e368fd468d1", size = 558239, upload-time = "2025-06-03T13:20:08.257Z" },
    { url = "https://files.pythonhosted.org/packages/83/ff/95c941f53b0faebc27dbe361d8e971b77f504b9cf36f8f5d750fd82cd6fc/PySide6-6.9.1-cp39-abi3-win_amd64.whl", hash = "sha256:c82dbb7d32bbdd465e01059174f71bddc97de152ab71bded3f1907c40f9a5f16", size = 564571, upload-time = "2025-06-03T13:20:10.321Z" },
    { url = "https://files.pythonhosted.org/packages/d1/ef/0aa5e910fa4e9770db6b45c23e360a52313922e0ca71fc060a57db613de1/PySide6-6.9.1-cp39-abi3-win_arm64.whl", hash = "sha256:1525d63dc6dc425b8c2dc5bc01a8cb1d67530401449f3a3490c09a14c095b9f9", size = 401793, upload-time = "2025-06-03T13:20:12.108Z" },
]

[[package]]
name = "pyside6-addons"
version = "6.9.1"
source = { registry = "https://pypi.org/simple" }
dependencies = [
    { name = "pyside6-essentials" },
    { name = "shiboken6" },
]
wheels = [
    { url = "https://files.pythonhosted.org/packages/e7/e2/39b9e04335d7ac782b6459bf7abec90c36b8efaac5a88ef818e972c59387/PySide6_Addons-6.9.1-cp39-abi3-macosx_12_0_universal2.whl", hash = "sha256:7be0708fa89715c282541fca47e2ba97c0c8d2886e0236ef994b2dd8f52aacdd", size = 316212438, upload-time = "2025-06-03T13:06:15.027Z" },
    { url = "https://files.pythonhosted.org/packages/cf/6f/691d7039a6f7943522a770b713ecd85fa169688dfdd65ddd4db1699d01b6/PySide6_Addons-6.9.1-cp39-abi3-manylinux_2_28_x86_64.whl", hash = "sha256:da7869b02e3599d26546fad582db4656060786bc5ec8ece5ec9ee8aa8b42371c", size = 166690468, upload-time = "2025-06-03T13:06:34.962Z" },
    { url = "https://files.pythonhosted.org/packages/9d/08/a264db09ad35819643d910cd4c73a86f72f23b7092f8ebc7e51dcca53a86/PySide6_Addons-6.9.1-cp39-abi3-manylinux_2_39_aarch64.whl", hash = "sha256:53fd08c8152b6ba8c435458afd189835ba905793a5077a2bb0b1b11222b375d4", size = 162466096, upload-time = "2025-06-03T13:08:58.065Z" },
    { url = "https://files.pythonhosted.org/packages/84/be/a849402f7e73d137b5ae8b4370a49b0cf0e0c02f028b845782cb743e4995/PySide6_Addons-6.9.1-cp39-abi3-win_amd64.whl", hash = "sha256:cd93a3a5e3886cd958f3a5acc7c061c24f10a394ce9f4ce657ac394544ca7ec2", size = 143150906, upload-time = "2025-06-03T13:09:12.762Z" },
    { url = "https://files.pythonhosted.org/packages/2a/f1/1bb6b5859aff4e2b3f5ef789b9cee200811a9f469f04d9aa7425e816622b/PySide6_Addons-6.9.1-cp39-abi3-win_arm64.whl", hash = "sha256:4f589631bdceb518080ae9c9fa288e64f092cd5bebe25adc8ad89e8eadd4db29", size = 26938762, upload-time = "2025-06-03T13:09:20.009Z" },
]

[[package]]
name = "pyside6-essentials"
version = "6.9.1"
source = { registry = "https://pypi.org/simple" }
dependencies = [
    { name = "shiboken6" },
]
wheels = [
    { url = "https://files.pythonhosted.org/packages/8a/59/714874db9ef3bbbbda654fd3223248969bea02ec1a5bfdd1c941c4e97749/PySide6_Essentials-6.9.1-cp39-abi3-macosx_12_0_universal2.whl", hash = "sha256:ed43435a70e018e1c22efcaf34a9430b83cfcad716dba661b03de21c13322fab", size = 132957077, upload-time = "2025-06-03T13:11:52.629Z" },
    { url = "https://files.pythonhosted.org/packages/59/6a/ea0db68d40a1c487fd255634896f4e37b6560e3ef1f57ca5139bf6509b1f/PySide6_Essentials-6.9.1-cp39-abi3-manylinux_2_28_x86_64.whl", hash = "sha256:e5da48883f006c6206ef85874db74ddebcdf69b0281bd4f1642b1c5ac1d54aea", size = 96416183, upload-time = "2025-06-03T13:12:48.945Z" },
    { url = "https://files.pythonhosted.org/packages/5b/2f/4243630d1733522638c4967d36018c38719d8b84f5246bf3d4c010e0aa9d/PySide6_Essentials-6.9.1-cp39-abi3-manylinux_2_39_aarch64.whl", hash = "sha256:e46a2801c9c6098025515fd0af6c594b9e9c951842f68b8f6f3da9858b9b26c2", size = 94171343, upload-time = "2025-06-03T13:12:59.426Z" },
    { url = "https://files.pythonhosted.org/packages/0d/a9/a8e0209ba9116f2c2db990cfb79f2edbd5a3a428013be2df1f1cddd660a9/PySide6_Essentials-6.9.1-cp39-abi3-win_amd64.whl", hash = "sha256:ad1ac94011492dba33051bc33db1c76a7d6f815a81c01422cb6220273b369145", size = 72435676, upload-time = "2025-06-03T13:13:08.805Z" },
    { url = "https://files.pythonhosted.org/packages/d0/e4/23268c57e775a1a4d2843d288a9583a47f2e4b3977a9ae93cb9ded1a4ea5/PySide6_Essentials-6.9.1-cp39-abi3-win_arm64.whl", hash = "sha256:35c2c2bb4a88db74d11e638cf917524ff35785883f10b439ead07960a5733aa4", size = 49483707, upload-time = "2025-06-03T13:13:16.399Z" },
]

[[package]]
name = "ruff"
version = "0.6.0"
source = { registry = "https://pypi.org/simple" }
sdist = { url = "https://files.pythonhosted.org/packages/db/5c/0886b1166c26d02014b19dc51499c468a0bd22dcd0c7eaf5267dfe02fafd/ruff-0.6.0.tar.gz", hash = "sha256:272a81830f68f9bd19d49eaf7fa01a5545c5a2e86f32a9935bb0e4bb9a1db5b8", size = 2454559, upload-time = "2024-08-15T12:35:18.319Z" }
wheels = [
    { url = "https://files.pythonhosted.org/packages/8b/3f/8e04a74f3a4d76b2d975be14d15b0e659d8681b904db13586cf314ae55e0/ruff-0.6.0-py3-none-linux_armv6l.whl", hash = "sha256:92dcce923e5df265781e5fc76f9a1edad52201a7aafe56e586b90988d5239013", size = 9601199, upload-time = "2024-08-15T12:34:28.232Z" },
    { url = "https://files.pythonhosted.org/packages/07/1a/117f328dabdda9b5f0248ea1b41476e264713646a9d70659e61534a00150/ruff-0.6.0-py3-none-macosx_10_12_x86_64.whl", hash = "sha256:31b90ff9dc79ed476c04e957ba7e2b95c3fceb76148f2079d0d68a908d2cfae7", size = 8705296, upload-time = "2024-08-15T12:34:32.253Z" },
    { url = "https://files.pythonhosted.org/packages/89/80/5e80d7c012f6fca5347b523dc3628ae8971aacd03bd40bd5f6521b00d91c/ruff-0.6.0-py3-none-macosx_11_0_arm64.whl", hash = "sha256:6d834a9ec9f8287dd6c3297058b3a265ed6b59233db22593379ee38ebc4b9768", size = 8291759, upload-time = "2024-08-15T12:34:35.464Z" },
    { url = "https://files.pythonhosted.org/packages/b4/af/01d2780a93889675d807222f8747c8b83217ba9e1e031b7553f48e54cd19/ruff-0.6.0-py3-none-manylinux_2_17_aarch64.manylinux2014_aarch64.whl", hash = "sha256:f2089267692696aba342179471831a085043f218706e642564812145df8b8d0d", size = 10022308, upload-time = "2024-08-15T12:34:38.073Z" },
    { url = "https://files.pythonhosted.org/packages/c1/52/0101997f145a359f73799a500a0739f7f09f1cb179f7c39c6a112eafb97a/ruff-0.6.0-py3-none-manylinux_2_17_armv7l.manylinux2014_armv7l.whl", hash = "sha256:aa62b423ee4bbd8765f2c1dbe8f6aac203e0583993a91453dc0a449d465c84da", size = 9389558, upload-time = "2024-08-15T12:34:41.248Z" },
    { url = "https://files.pythonhosted.org/packages/d8/3c/cfb2b136fcc3f65c100fe46fc9aef5e0872daa47bd8d62bbd9d18a0844f4/ruff-0.6.0-py3-none-manylinux_2_17_i686.manylinux2014_i686.whl", hash = "sha256:7344e1a964b16b1137ea361d6516ce4ee61a0403fa94252a1913ecc1311adcae", size = 10204607, upload-time = "2024-08-15T12:34:44.19Z" },
    { url = "https://files.pythonhosted.org/packages/70/7c/cc8cab92bf006d73d15416301e1d18fdf6d84e8a6b417eb7b3520e9ecf18/ruff-0.6.0-py3-none-manylinux_2_17_ppc64.manylinux2014_ppc64.whl", hash = "sha256:487f3a35c3f33bf82be212ce15dc6278ea854e35573a3f809442f73bec8b2760", size = 10930815, upload-time = "2024-08-15T12:34:47.447Z" },
    { url = "https://files.pythonhosted.org/packages/61/44/5e7c11a236607744008535152ac6c119814535cec090253644d315f20b57/ruff-0.6.0-py3-none-manylinux_2_17_ppc64le.manylinux2014_ppc64le.whl", hash = "sha256:75db409984077a793cf344d499165298a6f65449e905747ac65983b12e3e64b1", size = 10528446, upload-time = "2024-08-15T12:34:50.177Z" },
    { url = "https://files.pythonhosted.org/packages/e0/d7/07da316cf1448f7b5fb97fe1f911d23b64949a485fa4349673027d976c56/ruff-0.6.0-py3-none-manylinux_2_17_s390x.manylinux2014_s390x.whl", hash = "sha256:84908bd603533ecf1db456d8fc2665d1f4335d722e84bc871d3bbd2d1116c272", size = 11502335, upload-time = "2024-08-15T12:34:52.975Z" },
    { url = "https://files.pythonhosted.org/packages/51/95/d055e644327c7ad126c5b4fa5e2297515b564fae4ce79d365d016cfb3bc9/ruff-0.6.0-py3-none-manylinux_2_17_x86_64.manylinux2014_x86_64.whl", hash = "sha256:0f1749a0aef3ec41ed91a0e2127a6ae97d2e2853af16dbd4f3c00d7a3af726c5", size = 10187033, upload-time = "2024-08-15T12:34:56.023Z" },
    { url = "https://files.pythonhosted.org/packages/de/12/1eddf2770e7000d46fe47d4ce12982413b056837ff87ef55641499583c39/ruff-0.6.0-py3-none-musllinux_1_2_aarch64.whl", hash = "sha256:016fea751e2bcfbbd2f8cb19b97b37b3fd33148e4df45b526e87096f4e17354f", size = 10019463, upload-time = "2024-08-15T12:34:59.271Z" },
    { url = "https://files.pythonhosted.org/packages/d7/87/f06fed7a576212aa6043ac80cc1e86d77e07e5d866ceb2b7f3c4138502d9/ruff-0.6.0-py3-none-musllinux_1_2_armv7l.whl", hash = "sha256:6ae80f141b53b2e36e230017e64f5ea2def18fac14334ffceaae1b780d70c4f7", size = 9459518, upload-time = "2024-08-15T12:35:02.301Z" },
    { url = "https://files.pythonhosted.org/packages/a7/6c/657bc7e5ad92637f01bf0fcd120721ddf7e4d698c718fb9545aaa07c024f/ruff-0.6.0-py3-none-musllinux_1_2_i686.whl", hash = "sha256:eaaaf33ea4b3f63fd264d6a6f4a73fa224bbfda4b438ffea59a5340f4afa2bb5", size = 9822500, upload-time = "2024-08-15T12:35:05.239Z" },
    { url = "https://files.pythonhosted.org/packages/75/90/18bda4aa37568253d742a004cc321d191dd7d4815869771a3327cd8c7ffa/ruff-0.6.0-py3-none-musllinux_1_2_x86_64.whl", hash = "sha256:7667ddd1fc688150a7ca4137140867584c63309695a30016880caf20831503a0", size = 10254278, upload-time = "2024-08-15T12:35:08.327Z" },
    { url = "https://files.pythonhosted.org/packages/24/a7/350f5bbb903ad43e76b85e80b80e8b3a59a809dc1158ce5269552b13f86a/ruff-0.6.0-py3-none-win32.whl", hash = "sha256:ae48365aae60d40865a412356f8c6f2c0be1c928591168111eaf07eaefa6bea3", size = 7905511, upload-time = "2024-08-15T12:35:11.19Z" },
    { url = "https://files.pythonhosted.org/packages/27/c6/4bfbefc07b1f5deb2bbdf5b7d49f58deaba0f2da80026016050b9919d974/ruff-0.6.0-py3-none-win_amd64.whl", hash = "sha256:774032b507c96f0c803c8237ce7d2ef3934df208a09c40fa809c2931f957fe5e", size = 8715030, upload-time = "2024-08-15T12:35:13.049Z" },
    { url = "https://files.pythonhosted.org/packages/4e/c8/832b6d3c5d98eaf77cad90222f0509f48c0ff018fd006cfac0ebb228302d/ruff-0.6.0-py3-none-win_arm64.whl", hash = "sha256:a5366e8c3ae6b2dc32821749b532606c42e609a99b0ae1472cf601da931a048c", size = 8124041, upload-time = "2024-08-15T12:35:15.742Z" },
]

[[package]]
name = "shiboken6"
version = "6.9.1"
source = { registry = "https://pypi.org/simple" }
wheels = [
    { url = "https://files.pythonhosted.org/packages/98/98/34d4d25b79055959b171420d47fcc10121aefcbb261c91d5491252830e31/shiboken6-6.9.1-cp39-abi3-macosx_12_0_universal2.whl", hash = "sha256:40e92afc88da06b5100c56b761e59837ff282166e9531268f3d910b6128e621e", size = 406159, upload-time = "2025-06-03T13:16:45.104Z" },
    { url = "https://files.pythonhosted.org/packages/5a/07/53b2532ecd42ff925feb06b7bb16917f5f99f9c3470f0815c256789d818b/shiboken6-6.9.1-cp39-abi3-manylinux_2_28_x86_64.whl", hash = "sha256:efcdfa8655d34aaf8d7a0c7724def3440bd46db02f5ad3b1785db5f6ccb0a8ff", size = 206756, upload-time = "2025-06-03T13:16:46.528Z" },
    { url = "https://files.pythonhosted.org/packages/5e/b0/75b86ee3f7b044e6a87fbe7abefd1948ca4ae5fcde8321f4986a1d9eaa5e/shiboken6-6.9.1-cp39-abi3-manylinux_2_39_aarch64.whl", hash = "sha256:efcf75d48a29ae072d0bf54b3cd5a59ae91bb6b3ab7459e17c769355486c2e0b", size = 203233, upload-time = "2025-06-03T13:16:48.264Z" },
    { url = "https://files.pythonhosted.org/packages/30/56/00af281275aab4c79e22e0ea65feede0a5c6da3b84e86b21a4a0071e0744/shiboken6-6.9.1-cp39-abi3-win_amd64.whl", hash = "sha256:209ccf02c135bd70321143dcbc5023ae0c056aa4850a845955dd2f9b2ff280a9", size = 1153587, upload-time = "2025-06-03T13:16:50.454Z" },
    { url = "https://files.pythonhosted.org/packages/de/ce/6ccd382fbe1a96926c5514afa6f2c42da3a9a8482e61f8dfc6068a9ca64f/shiboken6-6.9.1-cp39-abi3-win_arm64.whl", hash = "sha256:2a39997ce275ced7853defc89d3a1f19a11c90991ac6eef3435a69bb0b7ff1de", size = 1831623, upload-time = "2025-06-03T13:16:52.468Z" },
]

[[package]]
name = "team-automation-big-views"
version = "1.0.6"
source = { virtual = "." }
dependencies = [
    { name = "pyside6" },
]

[package.optional-dependencies]
dev = [
    { name = "ruff" },
]

[package.metadata]
requires-dist = [
    { name = "pyside6", specifier = "==6.9.1" },
    { name = "ruff", marker = "extra == 'dev'", specifier = "==0.6" },
]
provides-extras = ["dev"]
